// !$*UTF8*$!
{
	archiveVersion = 1;
	classes = {
	};
	objectVersion = 50;
	objects = {

/* Begin PBXBuildFile section */
		AA5EA7E5261ED8520001B3FA /* AppDelegate.swift in Sources */ = {isa = PBXBuildFile; fileRef = AA5EA7E4261ED8520001B3FA /* AppDelegate.swift */; };
		AA5EA7E7261ED8520001B3FA /* SceneDelegate.swift in Sources */ = {isa = PBXBuildFile; fileRef = AA5EA7E6261ED8520001B3FA /* SceneDelegate.swift */; };
		AA5EA7E9261ED8520001B3FA /* ViewController.swift in Sources */ = {isa = PBXBuildFile; fileRef = AA5EA7E8261ED8520001B3FA /* ViewController.swift */; };
		AA5EA7EC261ED8520001B3FA /* Main.storyboard in Resources */ = {isa = PBXBuildFile; fileRef = AA5EA7EA261ED8520001B3FA /* Main.storyboard */; };
		AA5EA7EE261ED8560001B3FA /* Assets.xcassets in Resources */ = {isa = PBXBuildFile; fileRef = AA5EA7ED261ED8560001B3FA /* Assets.xcassets */; };
		AA5EA7F1261ED8560001B3FA /* LaunchScreen.storyboard in Resources */ = {isa = PBXBuildFile; fileRef = AA5EA7EF261ED8560001B3FA /* LaunchScreen.storyboard */; };
		AA5EA801261ED9CE0001B3FA /* FaqStepCell.xib in Resources */ = {isa = PBXBuildFile; fileRef = AA5EA7FA261ED9CE0001B3FA /* FaqStepCell.xib */; };
		AA5EA802261ED9CE0001B3FA /* FaqHeaderCell.swift in Sources */ = {isa = PBXBuildFile; fileRef = AA5EA7FB261ED9CE0001B3FA /* FaqHeaderCell.swift */; };
		AA5EA803261ED9CE0001B3FA /* FaqFirstCell.xib in Resources */ = {isa = PBXBuildFile; fileRef = AA5EA7FC261ED9CE0001B3FA /* FaqFirstCell.xib */; };
		AA5EA804261ED9CE0001B3FA /* FaqFirstCell.swift in Sources */ = {isa = PBXBuildFile; fileRef = AA5EA7FD261ED9CE0001B3FA /* FaqFirstCell.swift */; };
		AA5EA805261ED9CE0001B3FA /* FaqHeaderCell.xib in Resources */ = {isa = PBXBuildFile; fileRef = AA5EA7FE261ED9CE0001B3FA /* FaqHeaderCell.xib */; };
		AA5EA806261ED9CE0001B3FA /* FaqStepCell.swift in Sources */ = {isa = PBXBuildFile; fileRef = AA5EA7FF261ED9CE0001B3FA /* FaqStepCell.swift */; };
		AA5EA807261ED9CE0001B3FA /* FaqData.swift in Sources */ = {isa = PBXBuildFile; fileRef = AA5EA800261ED9CE0001B3FA /* FaqData.swift */; };
/* End PBXBuildFile section */

/* Begin PBXFileReference section */
		AA5EA7E1261ED8520001B3FA /* FAQDataSample.app */ = {isa = PBXFileReference; explicitFileType = wrapper.application; includeInIndex = 0; path = FAQDataSample.app; sourceTree = BUILT_PRODUCTS_DIR; };
		AA5EA7E4261ED8520001B3FA /* AppDelegate.swift */ = {isa = PBXFileReference; lastKnownFileType = sourcecode.swift; path = AppDelegate.swift; sourceTree = "<group>"; };
		AA5EA7E6261ED8520001B3FA /* SceneDelegate.swift */ = {isa = PBXFileReference; lastKnownFileType = sourcecode.swift; path = SceneDelegate.swift; sourceTree = "<group>"; };
		AA5EA7E8261ED8520001B3FA /* ViewController.swift */ = {isa = PBXFileReference; lastKnownFileType = sourcecode.swift; path = ViewController.swift; sourceTree = "<group>"; };
		AA5EA7EB261ED8520001B3FA /* Base */ = {isa = PBXFileReference; lastKnownFileType = file.storyboard; name = Base; path = Base.lproj/Main.storyboard; sourceTree = "<group>"; };
		AA5EA7ED261ED8560001B3FA /* Assets.xcassets */ = {isa = PBXFileReference; lastKnownFileType = folder.assetcatalog; path = Assets.xcassets; sourceTree = "<group>"; };
		AA5EA7F0261ED8560001B3FA /* Base */ = {isa = PBXFileReference; lastKnownFileType = file.storyboard; name = Base; path = Base.lproj/LaunchScreen.storyboard; sourceTree = "<group>"; };
		AA5EA7F2261ED8560001B3FA /* Info.plist */ = {isa = PBXFileReference; lastKnownFileType = text.plist.xml; path = Info.plist; sourceTree = "<group>"; };
		AA5EA7FA261ED9CE0001B3FA /* FaqStepCell.xib */ = {isa = PBXFileReference; fileEncoding = 4; lastKnownFileType = file.xib; path = FaqStepCell.xib; sourceTree = "<group>"; };
		AA5EA7FB261ED9CE0001B3FA /* FaqHeaderCell.swift */ = {isa = PBXFileReference; fileEncoding = 4; lastKnownFileType = sourcecode.swift; path = FaqHeaderCell.swift; sourceTree = "<group>"; };
		AA5EA7FC261ED9CE0001B3FA /* FaqFirstCell.xib */ = {isa = PBXFileReference; fileEncoding = 4; lastKnownFileType = file.xib; path = FaqFirstCell.xib; sourceTree = "<group>"; };
		AA5EA7FD261ED9CE0001B3FA /* FaqFirstCell.swift */ = {isa = PBXFileReference; fileEncoding = 4; lastKnownFileType = sourcecode.swift; path = FaqFirstCell.swift; sourceTree = "<group>"; };
		AA5EA7FE261ED9CE0001B3FA /* FaqHeaderCell.xib */ = {isa = PBXFileReference; fileEncoding = 4; lastKnownFileType = file.xib; path = FaqHeaderCell.xib; sourceTree = "<group>"; };
		AA5EA7FF261ED9CE0001B3FA /* FaqStepCell.swift */ = {isa = PBXFileReference; fileEncoding = 4; lastKnownFileType = sourcecode.swift; path = FaqStepCell.swift; sourceTree = "<group>"; };
		AA5EA800261ED9CE0001B3FA /* FaqData.swift */ = {isa = PBXFileReference; fileEncoding = 4; lastKnownFileType = sourcecode.swift; path = FaqData.swift; sourceTree = "<group>"; };
/* End PBXFileReference section */

/* Begin PBXFrameworksBuildPhase section */
		AA5EA7DE261ED8520001B3FA /* Frameworks */ = {
			isa = PBXFrameworksBuildPhase;
			buildActionMask = 2147483647;
			files = (
			);
			runOnlyForDeploymentPostprocessing = 0;
		};
/* End PBXFrameworksBuildPhase section */

/* Begin PBXGroup section */
		AA5EA7D8261ED8510001B3FA = {
			isa = PBXGroup;
			children = (
				AA5EA7E3261ED8520001B3FA /* FAQDataSample */,
				AA5EA7E2261ED8520001B3FA /* Products */,
			);
			sourceTree = "<group>";
		};
		AA5EA7E2261ED8520001B3FA /* Products */ = {
			isa = PBXGroup;
			children = (
				AA5EA7E1261ED8520001B3FA /* FAQDataSample.app */,
			);
			name = Products;
			sourceTree = "<group>";
		};
		AA5EA7E3261ED8520001B3FA /* FAQDataSample */ = {
			isa = PBXGroup;
			children = (
				AA5EA7F9261ED9CE0001B3FA /* FaqCell */,
				AA5EA7E4261ED8520001B3FA /* AppDelegate.swift */,
				AA5EA7E6261ED8520001B3FA /* SceneDelegate.swift */,
				AA5EA7E8261ED8520001B3FA /* ViewController.swift */,
				AA5EA7EA261ED8520001B3FA /* Main.storyboard */,
				AA5EA7ED261ED8560001B3FA /* Assets.xcassets */,
				AA5EA7EF261ED8560001B3FA /* LaunchScreen.storyboard */,
				AA5EA7F2261ED8560001B3FA /* Info.plist */,
			);
			path = FAQDataSample;
			sourceTree = "<group>";
		};
		AA5EA7F9261ED9CE0001B3FA /* FaqCell */ = {
			isa = PBXGroup;
			children = (
				AA5EA7FA261ED9CE0001B3FA /* FaqStepCell.xib */,
				AA5EA7FB261ED9CE0001B3FA /* FaqHeaderCell.swift */,
				AA5EA7FC261ED9CE0001B3FA /* FaqFirstCell.xib */,
				AA5EA7FD261ED9CE0001B3FA /* FaqFirstCell.swift */,
				AA5EA7FE261ED9CE0001B3FA /* FaqHeaderCell.xib */,
				AA5EA7FF261ED9CE0001B3FA /* FaqStepCell.swift */,
				AA5EA800261ED9CE0001B3FA /* FaqData.swift */,
			);
			path = FaqCell;
			sourceTree = "<group>";
		};
/* End PBXGroup section */

/* Begin PBXNativeTarget section */
		AA5EA7E0261ED8520001B3FA /* FAQDataSample */ = {
			isa = PBXNativeTarget;
			buildConfigurationList = AA5EA7F5261ED8560001B3FA /* Build configuration list for PBXNativeTarget "FAQDataSample" */;
			buildPhases = (
				AA5EA7DD261ED8520001B3FA /* Sources */,
				AA5EA7DE261ED8520001B3FA /* Frameworks */,
				AA5EA7DF261ED8520001B3FA /* Resources */,
			);
			buildRules = (
			);
			dependencies = (
			);
			name = FAQDataSample;
			productName = FAQDataSample;
			productReference = AA5EA7E1261ED8520001B3FA /* FAQDataSample.app */;
			productType = "com.apple.product-type.application";
		};
/* End PBXNativeTarget section */

/* Begin PBXProject section */
		AA5EA7D9261ED8510001B3FA /* Project object */ = {
			isa = PBXProject;
			attributes = {
				LastSwiftUpdateCheck = 1210;
				LastUpgradeCheck = 1210;
				TargetAttributes = {
					AA5EA7E0261ED8520001B3FA = {
						CreatedOnToolsVersion = 12.1;
					};
				};
			};
			buildConfigurationList = AA5EA7DC261ED8510001B3FA /* Build configuration list for PBXProject "FAQDataSample" */;
			compatibilityVersion = "Xcode 9.3";
			developmentRegion = en;
			hasScannedForEncodings = 0;
			knownRegions = (
				en,
				Base,
			);
			mainGroup = AA5EA7D8261ED8510001B3FA;
			productRefGroup = AA5EA7E2261ED8520001B3FA /* Products */;
			projectDirPath = "";
			projectRoot = "";
			targets = (
				AA5EA7E0261ED8520001B3FA /* FAQDataSample */,
			);
		};
/* End PBXProject section */

/* Begin PBXResourcesBuildPhase section */
		AA5EA7DF261ED8520001B3FA /* Resources */ = {
			isa = PBXResourcesBuildPhase;
			buildActionMask = 2147483647;
			files = (
				AA5EA801261ED9CE0001B3FA /* FaqStepCell.xib in Resources */,
				AA5EA7F1261ED8560001B3FA /* LaunchScreen.storyboard in Resources */,
				AA5EA7EE261ED8560001B3FA /* Assets.xcassets in Resources */,
				AA5EA803261ED9CE0001B3FA /* FaqFirstCell.xib in Resources */,
				AA5EA7EC261ED8520001B3FA /* Main.storyboard in Resources */,
				AA5EA805261ED9CE0001B3FA /* FaqHeaderCell.xib in Resources */,
			);
			runOnlyForDeploymentPostprocessing = 0;
		};
/* End PBXResourcesBuildPhase section */

/* Begin PBXSourcesBuildPhase section */
		AA5EA7DD261ED8520001B3FA /* Sources */ = {
			isa = PBXSourcesBuildPhase;
			buildActionMask = 2147483647;
			files = (
				AA5EA7E9261ED8520001B3FA /* ViewController.swift in Sources */,
				AA5EA804261ED9CE0001B3FA /* FaqFirstCell.swift in Sources */,
				AA5EA806261ED9CE0001B3FA /* FaqStepCell.swift in Sources */,
				AA5EA7E5261ED8520001B3FA /* AppDelegate.swift in Sources */,
				AA5EA7E7261ED8520001B3FA /* SceneDelegate.swift in Sources */,
				AA5EA807261ED9CE0001B3FA /* FaqData.swift in Sources */,
				AA5EA802261ED9CE0001B3FA /* FaqHeaderCell.swift in Sources */,
			);
			runOnlyForDeploymentPostprocessing = 0;
		};
/* End PBXSourcesBuildPhase section */

/* Begin PBXVariantGroup section */
		AA5EA7EA261ED8520001B3FA /* Main.storyboard */ = {
			isa = PBXVariantGroup;
			children = (
				AA5EA7EB261ED8520001B3FA /* Base */,
			);
			name = Main.storyboard;
			sourceTree = "<group>";
		};
		AA5EA7EF261ED8560001B3FA /* LaunchScreen.storyboard */ = {
			isa = PBXVariantGroup;
			children = (
				AA5EA7F0261ED8560001B3FA /* Base */,
			);
			name = LaunchScreen.storyboard;
			sourceTree = "<group>";
		};
/* End PBXVariantGroup section */

/* Begin XCBuildConfiguration section */
		AA5EA7F3261ED8560001B3FA /* Debug */ = {
			isa = XCBuildConfiguration;
			buildSettings = {
				ALWAYS_SEARCH_USER_PATHS = NO;
				CLANG_ANALYZER_NONNULL = YES;
				CLANG_ANALYZER_NUMBER_OBJECT_CONVERSION = YES_AGGRESSIVE;
				CLANG_CXX_LANGUAGE_STANDARD = "gnu++14";
				CLANG_CXX_LIBRARY = "libc++";
				CLANG_ENABLE_MODULES = YES;
				CLANG_ENABLE_OBJC_ARC = YES;
				CLANG_ENABLE_OBJC_WEAK = YES;
				CLANG_WARN_BLOCK_CAPTURE_AUTORELEASING = YES;
				CLANG_WARN_BOOL_CONVERSION = YES;
				CLANG_WARN_COMMA = YES;
				CLANG_WARN_CONSTANT_CONVERSION = YES;
				CLANG_WARN_DEPRECATED_OBJC_IMPLEMENTATIONS = YES;
				CLANG_WARN_DIRECT_OBJC_ISA_USAGE = YES_ERROR;
				CLANG_WARN_DOCUMENTATION_COMMENTS = YES;
				CLANG_WARN_EMPTY_BODY = YES;
				CLANG_WARN_ENUM_CONVERSION = YES;
				CLANG_WARN_INFINITE_RECURSION = YES;
				CLANG_WARN_INT_CONVERSION = YES;
				CLANG_WARN_NON_LITERAL_NULL_CONVERSION = YES;
				CLANG_WARN_OBJC_IMPLICIT_RETAIN_SELF = YES;
				CLANG_WARN_OBJC_LITERAL_CONVERSION = YES;
				CLANG_WARN_OBJC_ROOT_CLASS = YES_ERROR;
				CLANG_WARN_QUOTED_INCLUDE_IN_FRAMEWORK_HEADER = YES;
				CLANG_WARN_RANGE_LOOP_ANALYSIS = YES;
				CLANG_WARN_STRICT_PROTOTYPES = YES;
				CLANG_WARN_SUSPICIOUS_MOVE = YES;
				CLANG_WARN_UNGUARDED_AVAILABILITY = YES_AGGRESSIVE;
				CLANG_WARN_UNREACHABLE_CODE = YES;
				CLANG_WARN__DUPLICATE_METHOD_MATCH = YES;
				COPY_PHASE_STRIP = NO;
				DEBUG_INFORMATION_FORMAT = dwarf;
				ENABLE_STRICT_OBJC_MSGSEND = YES;
				ENABLE_TESTABILITY = YES;
				GCC_C_LANGUAGE_STANDARD = gnu11;
				GCC_DYNAMIC_NO_PIC = NO;
				GCC_NO_COMMON_BLOCKS = YES;
				GCC_OPTIMIZATION_LEVEL = 0;
				GCC_PREPROCESSOR_DEFINITIONS = (
					"DEBUG=1",
					"$(inherited)",
				);
				GCC_WARN_64_TO_32_BIT_CONVERSION = YES;
				GCC_WARN_ABOUT_RETURN_TYPE = YES_ERROR;
				GCC_WARN_UNDECLARED_SELECTOR = YES;
				GCC_WARN_UNINITIALIZED_AUTOS = YES_AGGRESSIVE;
				GCC_WARN_UNUSED_FUNCTION = YES;
				GCC_WARN_UNUSED_VARIABLE = YES;
				IPHONEOS_DEPLOYMENT_TARGET = 14.1;
				MTL_ENABLE_DEBUG_INFO = INCLUDE_SOURCE;
				MTL_FAST_MATH = YES;
				ONLY_ACTIVE_ARCH = YES;
				SDKROOT = iphoneos;
				SWIFT_ACTIVE_COMPILATION_CONDITIONS = DEBUG;
				SWIFT_OPTIMIZATION_LEVEL = "-Onone";
			};
			name = Debug;
		};
		AA5EA7F4261ED8560001B3FA /* Release */ = {
			isa = XCBuildConfiguration;
			buildSettings = {
				ALWAYS_SEARCH_USER_PATHS = NO;
				CLANG_ANALYZER_NONNULL = YES;
				CLANG_ANALYZER_NUMBER_OBJECT_CONVERSION = YES_AGGRESSIVE;
				CLANG_CXX_LANGUAGE_STANDARD = "gnu++14";
				CLANG_CXX_LIBRARY = "libc++";
				CLANG_ENABLE_MODULES = YES;
				CLANG_ENABLE_OBJC_ARC = YES;
				CLANG_ENABLE_OBJC_WEAK = YES;
				CLANG_WARN_BLOCK_CAPTURE_AUTORELEASING = YES;
				CLANG_WARN_BOOL_CONVERSION = YES;
				CLANG_WARN_COMMA = YES;
				CLANG_WARN_CONSTANT_CONVERSION = YES;
				CLANG_WARN_DEPRECATED_OBJC_IMPLEMENTATIONS = YES;
				CLANG_WARN_DIRECT_OBJC_ISA_USAGE = YES_ERROR;
				CLANG_WARN_DOCUMENTATION_COMMENTS = YES;
				CLANG_WARN_EMPTY_BODY = YES;
				CLANG_WARN_ENUM_CONVERSION = YES;
				CLANG_WARN_INFINITE_RECURSION = YES;
				CLANG_WARN_INT_CONVERSION = YES;
				CLANG_WARN_NON_LITERAL_NULL_CONVERSION = YES;
				CLANG_WARN_OBJC_IMPLICIT_RETAIN_SELF = YES;
				CLANG_WARN_OBJC_LITERAL_CONVERSION = YES;
				CLANG_WARN_OBJC_ROOT_CLASS = YES_ERROR;
				CLANG_WARN_QUOTED_INCLUDE_IN_FRAMEWORK_HEADER = YES;
				CLANG_WARN_RANGE_LOOP_ANALYSIS = YES;
				CLANG_WARN_STRICT_PROTOTYPES = YES;
				CLANG_WARN_SUSPICIOUS_MOVE = YES;
				CLANG_WARN_UNGUARDED_AVAILABILITY = YES_AGGRESSIVE;
				CLANG_WARN_UNREACHABLE_CODE = YES;
				CLANG_WARN__DUPLICATE_METHOD_MATCH = YES;
				COPY_PHASE_STRIP = NO;
				DEBUG_INFORMATION_FORMAT = "dwarf-with-dsym";
				ENABLE_NS_ASSERTIONS = NO;
				ENABLE_STRICT_OBJC_MSGSEND = YES;
				GCC_C_LANGUAGE_STANDARD = gnu11;
				GCC_NO_COMMON_BLOCKS = YES;
				GCC_WARN_64_TO_32_BIT_CONVERSION = YES;
				GCC_WARN_ABOUT_RETURN_TYPE = YES_ERROR;
				GCC_WARN_UNDECLARED_SELECTOR = YES;
				GCC_WARN_UNINITIALIZED_AUTOS = YES_AGGRESSIVE;
				GCC_WARN_UNUSED_FUNCTION = YES;
				GCC_WARN_UNUSED_VARIABLE = YES;
				IPHONEOS_DEPLOYMENT_TARGET = 14.1;
				MTL_ENABLE_DEBUG_INFO = NO;
				MTL_FAST_MATH = YES;
				SDKROOT = iphoneos;
				SWIFT_COMPILATION_MODE = wholemodule;
				SWIFT_OPTIMIZATION_LEVEL = "-O";
				VALIDATE_PRODUCT = YES;
			};
			name = Release;
		};
		AA5EA7F6261ED8560001B3FA /* Debug */ = {
			isa = XCBuildConfiguration;
			buildSettings = {
				ASSETCATALOG_COMPILER_APPICON_NAME = AppIcon;
				ASSETCATALOG_COMPILER_GLOBAL_ACCENT_COLOR_NAME = AccentColor;
				CODE_SIGN_STYLE = Manual;
				DEVELOPMENT_TEAM = "";
				INFOPLIST_FILE = FAQDataSample/Info.plist;
				LD_RUNPATH_SEARCH_PATHS = (
					"$(inherited)",
					"@executable_path/Frameworks",
				);
				PRODUCT_BUNDLE_IDENTIFIER = com.rheza.FAQDataSample;
				PRODUCT_NAME = "$(TARGET_NAME)";
				PROVISIONING_PROFILE_SPECIFIER = "";
				SWIFT_VERSION = 5.0;
				TARGETED_DEVICE_FAMILY = "1,2";
			};
			name = Debug;
		};
		AA5EA7F7261ED8560001B3FA /* Release */ = {
			isa = XCBuildConfiguration;
			buildSettings = {
				ASSETCATALOG_COMPILER_APPICON_NAME = AppIcon;
				ASSETCATALOG_COMPILER_GLOBAL_ACCENT_COLOR_NAME = AccentColor;
				CODE_SIGN_STYLE = Manual;
				DEVELOPMENT_TEAM = "";
				INFOPLIST_FILE = FAQDataSample/Info.plist;
				LD_RUNPATH_SEARCH_PATHS = (
					"$(inherited)",
					"@executable_path/Frameworks",
				);
				PRODUCT_BUNDLE_IDENTIFIER = com.rheza.FAQDataSample;
				PRODUCT_NAME = "$(TARGET_NAME)";
				PROVISIONING_PROFILE_SPECIFIER = "";
				SWIFT_VERSION = 5.0;
				TARGETED_DEVICE_FAMILY = "1,2";
			};
			name = Release;
		};
/* End XCBuildConfiguration section */

/* Begin XCConfigurationList section */
		AA5EA7DC261ED8510001B3FA /* Build configuration list for PBXProject "FAQDataSample" */ = {
			isa = XCConfigurationList;
			buildConfigurations = (
				AA5EA7F3261ED8560001B3FA /* Debug */,
				AA5EA7F4261ED8560001B3FA /* Release */,
			);
			defaultConfigurationIsVisible = 0;
			defaultConfigurationName = Release;
		};
		AA5EA7F5261ED8560001B3FA /* Build configuration list for PBXNativeTarget "FAQDataSample" */ = {
			isa = XCConfigurationList;
			buildConfigurations = (
				AA5EA7F6261ED8560001B3FA /* Debug */,
				AA5EA7F7261ED8560001B3FA /* Release */,
			);
			defaultConfigurationIsVisible = 0;
			defaultConfigurationName = Release;
		};
/* End XCConfigurationList section */
	};
	rootObject = AA5EA7D9261ED8510001B3FA /* Project object */;
}
